
Microsoft Visual Studio Solution File, Format Version 12.00
# Visual Studio Version 16
VisualStudioVersion = 16.0.30621.155
MinimumVisualStudioVersion = 10.0.40219.1
Project("{9A19103F-16F7-4668-BE54-9A1E7A4F7556}") = "Sm5shMusic", "Sm5shMusic\Sm5shMusic.csproj", "{F03BD663-4B3C-4EE8-90F3-CEE211C0FE1C}"
EndProject
Project("{9A19103F-16F7-4668-BE54-9A1E7A4F7556}") = "MsbtEditor", "Tools\MsbtEditor\MsbtEditor.csproj", "{AFCCF52E-A8A6-4F50-BE89-9581F42BDBE1}"
EndProject
Project("{2150E333-8FDC-42A3-9474-1A3956D46DE8}") = "Tools", "Tools", "{67F5436A-9402-4AF6-B809-7C2E13E671B7}"
EndProject
Project("{9A19103F-16F7-4668-BE54-9A1E7A4F7556}") = "Sm5sh.PrcModels", "Tools\Sm5sh.PrcModels\Sm5sh.PrcModels.csproj", "{828C40CF-AC8F-48F8-88E7-548242E5465E}"
EndProject
Project("{9A19103F-16F7-4668-BE54-9A1E7A4F7556}") = "Sm5sh.PrcParser", "Tools\Sm5sh.PrcParser\Sm5sh.PrcParser.csproj", "{B2C22494-22D5-46C9-AECD-4A329C4A6A73}"
EndProject
Global
	GlobalSection(SolutionConfigurationPlatforms) = preSolution
		Debug|Any CPU = Debug|Any CPU
		Release|Any CPU = Release|Any CPU
	EndGlobalSection
	GlobalSection(ProjectConfigurationPlatforms) = postSolution
		{F03BD663-4B3C-4EE8-90F3-CEE211C0FE1C}.Debug|Any CPU.ActiveCfg = Debug|Any CPU
		{F03BD663-4B3C-4EE8-90F3-CEE211C0FE1C}.Debug|Any CPU.Build.0 = Debug|Any CPU
		{F03BD663-4B3C-4EE8-90F3-CEE211C0FE1C}.Release|Any CPU.ActiveCfg = Release|Any CPU
		{F03BD663-4B3C-4EE8-90F3-CEE211C0FE1C}.Release|Any CPU.Build.0 = Release|Any CPU
		{AFCCF52E-A8A6-4F50-BE89-9581F42BDBE1}.Debug|Any CPU.ActiveCfg = Debug|Any CPU
		{AFCCF52E-A8A6-4F50-BE89-9581F42BDBE1}.Debug|Any CPU.Build.0 = Debug|Any CPU
		{AFCCF52E-A8A6-4F50-BE89-9581F42BDBE1}.Release|Any CPU.ActiveCfg = Release|Any CPU
		{AFCCF52E-A8A6-4F50-BE89-9581F42BDBE1}.Release|Any CPU.Build.0 = Release|Any CPU
		{828C40CF-AC8F-48F8-88E7-548242E5465E}.Debug|Any CPU.ActiveCfg = Debug|Any CPU
		{828C40CF-AC8F-48F8-88E7-548242E5465E}.Debug|Any CPU.Build.0 = Debug|Any CPU
		{828C40CF-AC8F-48F8-88E7-548242E5465E}.Release|Any CPU.ActiveCfg = Release|Any CPU
		{828C40CF-AC8F-48F8-88E7-548242E5465E}.Release|Any CPU.Build.0 = Release|Any CPU
		{B2C22494-22D5-46C9-AECD-4A329C4A6A73}.Debug|Any CPU.ActiveCfg = Debug|Any CPU
		{B2C22494-22D5-46C9-AECD-4A329C4A6A73}.Debug|Any CPU.Build.0 = Debug|Any CPU
		{B2C22494-22D5-46C9-AECD-4A329C4A6A73}.Release|Any CPU.ActiveCfg = Release|Any CPU
		{B2C22494-22D5-46C9-AECD-4A329C4A6A73}.Release|Any CPU.Build.0 = Release|Any CPU
	EndGlobalSection
	GlobalSection(SolutionProperties) = preSolution
		HideSolutionNode = FALSE
	EndGlobalSection
	GlobalSection(NestedProjects) = preSolution
		{AFCCF52E-A8A6-4F50-BE89-9581F42BDBE1} = {67F5436A-9402-4AF6-B809-7C2E13E671B7}
		{828C40CF-AC8F-48F8-88E7-548242E5465E} = {67F5436A-9402-4AF6-B809-7C2E13E671B7}
		{B2C22494-22D5-46C9-AECD-4A329C4A6A73} = {67F5436A-9402-4AF6-B809-7C2E13E671B7}
	EndGlobalSection
	GlobalSection(ExtensibilityGlobals) = postSolution
		SolutionGuid = {22D06FF0-58FD-435A-9137-9C02629DB762}
	EndGlobalSection
EndGlobal
