
Microsoft Visual Studio Solution File, Format Version 12.00
# Visual Studio Version 16
VisualStudioVersion = 16.0.30621.155
MinimumVisualStudioVersion = 10.0.40219.1
Project("{9A19103F-16F7-4668-BE54-9A1E7A4F7556}") = "Sm5sh.CLI", "Sm5sh.CLI\Sm5sh.CLI.csproj", "{F03BD663-4B3C-4EE8-90F3-CEE211C0FE1C}"
EndProject
Project("{9A19103F-16F7-4668-BE54-9A1E7A4F7556}") = "MsbtEditor", "Sm5sh\Core\Helpers\MsbtEditor\MsbtEditor.csproj", "{AFCCF52E-A8A6-4F50-BE89-9581F42BDBE1}"
EndProject
Project("{2150E333-8FDC-42A3-9474-1A3956D46DE8}") = "Helpers", "Helpers", "{9D956A8B-EC80-4063-BE85-D8CF0115B668}"
EndProject
Project("{9A19103F-16F7-4668-BE54-9A1E7A4F7556}") = "Sm5sh.Mods.Music", "Sm5sh\Mods\Sm5sh.Mods.Music\Sm5sh.Mods.Music.csproj", "{D7F88B95-1BE8-401C-B9C2-AA9549211AAA}"
EndProject
Project("{2150E333-8FDC-42A3-9474-1A3956D46DE8}") = "Sm5sh", "Sm5sh", "{77B448C9-CC68-45FD-B6CD-B894AF99C687}"
EndProject
Project("{9A19103F-16F7-4668-BE54-9A1E7A4F7556}") = "Sm5sh.ResourceProviders.PrcExt", "Sm5sh\ResourceProviders\Sm5sh.ResourceProviders.PrcExt\Sm5sh.ResourceProviders.PrcExt.csproj", "{5E960178-EF66-45B2-BE6F-E42BF60A0E98}"
EndProject
Project("{9A19103F-16F7-4668-BE54-9A1E7A4F7556}") = "Sm5sh.Core", "Sm5sh\Core\Sm5sh.Core\Sm5sh.Core.csproj", "{A8A93FBC-CBBD-4EAF-8164-E4C67A8F17DB}"
EndProject
Project("{9A19103F-16F7-4668-BE54-9A1E7A4F7556}") = "Sm5sh.ResourceProviders.MsbtExt", "Sm5sh\ResourceProviders\Sm5sh.ResourceProviders.MsbtExt\Sm5sh.ResourceProviders.MsbtExt.csproj", "{0B34F62C-6D14-4858-91A0-9945132FE498}"
EndProject
Project("{2150E333-8FDC-42A3-9474-1A3956D46DE8}") = "Core", "Core", "{21308736-E2A1-41F4-93A0-47D9D2994B0D}"
EndProject
Project("{2150E333-8FDC-42A3-9474-1A3956D46DE8}") = "ResourceProviders", "ResourceProviders", "{8E60BEF5-F04E-480B-9DEF-0E6FC75D561D}"
EndProject
Project("{2150E333-8FDC-42A3-9474-1A3956D46DE8}") = "Mods", "Mods", "{395A4B58-0CF2-415E-95E3-B34AD0D0EDCB}"
EndProject
Project("{9A19103F-16F7-4668-BE54-9A1E7A4F7556}") = "Sm5sh.GUI", "Sm5sh.GUI\Sm5sh.GUI.csproj", "{30EE9CC0-2BB2-4005-8058-1FCAEBAEB0AD}"
EndProject
Project("{9A19103F-16F7-4668-BE54-9A1E7A4F7556}") = "VGMMusic", "Sm5sh\Core\Helpers\VGMMusic\VGMMusic.csproj", "{33337C7C-E595-403D-A103-60A67CC6DFCC}"
EndProject
Project("{9A19103F-16F7-4668-BE54-9A1E7A4F7556}") = "Sm5sh.ResourceProviders.BgmPropertyFile", "Sm5sh\ResourceProviders\Sm5sh.ResourceProviders.BgmPropertyFile\Sm5sh.ResourceProviders.BgmPropertyFile.csproj", "{3D5436EA-D84C-499B-BD9E-6A9349CD67A2}"
EndProject
Global
	GlobalSection(SolutionConfigurationPlatforms) = preSolution
		Debug|Any CPU = Debug|Any CPU
		Release|Any CPU = Release|Any CPU
	EndGlobalSection
	GlobalSection(ProjectConfigurationPlatforms) = postSolution
		{F03BD663-4B3C-4EE8-90F3-CEE211C0FE1C}.Debug|Any CPU.ActiveCfg = Debug|Any CPU
		{F03BD663-4B3C-4EE8-90F3-CEE211C0FE1C}.Debug|Any CPU.Build.0 = Debug|Any CPU
		{F03BD663-4B3C-4EE8-90F3-CEE211C0FE1C}.Release|Any CPU.ActiveCfg = Release|Any CPU
		{F03BD663-4B3C-4EE8-90F3-CEE211C0FE1C}.Release|Any CPU.Build.0 = Release|Any CPU
		{AFCCF52E-A8A6-4F50-BE89-9581F42BDBE1}.Debug|Any CPU.ActiveCfg = Debug|Any CPU
		{AFCCF52E-A8A6-4F50-BE89-9581F42BDBE1}.Debug|Any CPU.Build.0 = Debug|Any CPU
		{AFCCF52E-A8A6-4F50-BE89-9581F42BDBE1}.Release|Any CPU.ActiveCfg = Release|Any CPU
		{AFCCF52E-A8A6-4F50-BE89-9581F42BDBE1}.Release|Any CPU.Build.0 = Release|Any CPU
		{D7F88B95-1BE8-401C-B9C2-AA9549211AAA}.Debug|Any CPU.ActiveCfg = Debug|Any CPU
		{D7F88B95-1BE8-401C-B9C2-AA9549211AAA}.Debug|Any CPU.Build.0 = Debug|Any CPU
		{D7F88B95-1BE8-401C-B9C2-AA9549211AAA}.Release|Any CPU.ActiveCfg = Release|Any CPU
		{D7F88B95-1BE8-401C-B9C2-AA9549211AAA}.Release|Any CPU.Build.0 = Release|Any CPU
		{5E960178-EF66-45B2-BE6F-E42BF60A0E98}.Debug|Any CPU.ActiveCfg = Debug|Any CPU
		{5E960178-EF66-45B2-BE6F-E42BF60A0E98}.Debug|Any CPU.Build.0 = Debug|Any CPU
		{5E960178-EF66-45B2-BE6F-E42BF60A0E98}.Release|Any CPU.ActiveCfg = Release|Any CPU
		{5E960178-EF66-45B2-BE6F-E42BF60A0E98}.Release|Any CPU.Build.0 = Release|Any CPU
		{A8A93FBC-CBBD-4EAF-8164-E4C67A8F17DB}.Debug|Any CPU.ActiveCfg = Debug|Any CPU
		{A8A93FBC-CBBD-4EAF-8164-E4C67A8F17DB}.Debug|Any CPU.Build.0 = Debug|Any CPU
		{A8A93FBC-CBBD-4EAF-8164-E4C67A8F17DB}.Release|Any CPU.ActiveCfg = Release|Any CPU
		{A8A93FBC-CBBD-4EAF-8164-E4C67A8F17DB}.Release|Any CPU.Build.0 = Release|Any CPU
		{0B34F62C-6D14-4858-91A0-9945132FE498}.Debug|Any CPU.ActiveCfg = Debug|Any CPU
		{0B34F62C-6D14-4858-91A0-9945132FE498}.Debug|Any CPU.Build.0 = Debug|Any CPU
		{0B34F62C-6D14-4858-91A0-9945132FE498}.Release|Any CPU.ActiveCfg = Release|Any CPU
		{0B34F62C-6D14-4858-91A0-9945132FE498}.Release|Any CPU.Build.0 = Release|Any CPU
		{30EE9CC0-2BB2-4005-8058-1FCAEBAEB0AD}.Debug|Any CPU.ActiveCfg = Debug|Any CPU
		{30EE9CC0-2BB2-4005-8058-1FCAEBAEB0AD}.Debug|Any CPU.Build.0 = Debug|Any CPU
		{30EE9CC0-2BB2-4005-8058-1FCAEBAEB0AD}.Release|Any CPU.ActiveCfg = Release|Any CPU
		{30EE9CC0-2BB2-4005-8058-1FCAEBAEB0AD}.Release|Any CPU.Build.0 = Release|Any CPU
		{33337C7C-E595-403D-A103-60A67CC6DFCC}.Debug|Any CPU.ActiveCfg = Debug|Any CPU
		{33337C7C-E595-403D-A103-60A67CC6DFCC}.Debug|Any CPU.Build.0 = Debug|Any CPU
		{33337C7C-E595-403D-A103-60A67CC6DFCC}.Release|Any CPU.ActiveCfg = Release|Any CPU
		{33337C7C-E595-403D-A103-60A67CC6DFCC}.Release|Any CPU.Build.0 = Release|Any CPU
		{3D5436EA-D84C-499B-BD9E-6A9349CD67A2}.Debug|Any CPU.ActiveCfg = Debug|Any CPU
		{3D5436EA-D84C-499B-BD9E-6A9349CD67A2}.Debug|Any CPU.Build.0 = Debug|Any CPU
		{3D5436EA-D84C-499B-BD9E-6A9349CD67A2}.Release|Any CPU.ActiveCfg = Release|Any CPU
		{3D5436EA-D84C-499B-BD9E-6A9349CD67A2}.Release|Any CPU.Build.0 = Release|Any CPU
	EndGlobalSection
	GlobalSection(SolutionProperties) = preSolution
		HideSolutionNode = FALSE
	EndGlobalSection
	GlobalSection(NestedProjects) = preSolution
		{AFCCF52E-A8A6-4F50-BE89-9581F42BDBE1} = {9D956A8B-EC80-4063-BE85-D8CF0115B668}
		{9D956A8B-EC80-4063-BE85-D8CF0115B668} = {21308736-E2A1-41F4-93A0-47D9D2994B0D}
		{D7F88B95-1BE8-401C-B9C2-AA9549211AAA} = {395A4B58-0CF2-415E-95E3-B34AD0D0EDCB}
		{5E960178-EF66-45B2-BE6F-E42BF60A0E98} = {8E60BEF5-F04E-480B-9DEF-0E6FC75D561D}
		{A8A93FBC-CBBD-4EAF-8164-E4C67A8F17DB} = {21308736-E2A1-41F4-93A0-47D9D2994B0D}
		{0B34F62C-6D14-4858-91A0-9945132FE498} = {8E60BEF5-F04E-480B-9DEF-0E6FC75D561D}
		{21308736-E2A1-41F4-93A0-47D9D2994B0D} = {77B448C9-CC68-45FD-B6CD-B894AF99C687}
		{8E60BEF5-F04E-480B-9DEF-0E6FC75D561D} = {77B448C9-CC68-45FD-B6CD-B894AF99C687}
		{395A4B58-0CF2-415E-95E3-B34AD0D0EDCB} = {77B448C9-CC68-45FD-B6CD-B894AF99C687}
		{33337C7C-E595-403D-A103-60A67CC6DFCC} = {9D956A8B-EC80-4063-BE85-D8CF0115B668}
		{3D5436EA-D84C-499B-BD9E-6A9349CD67A2} = {8E60BEF5-F04E-480B-9DEF-0E6FC75D561D}
	EndGlobalSection
	GlobalSection(ExtensibilityGlobals) = postSolution
		SolutionGuid = {22D06FF0-58FD-435A-9137-9C02629DB762}
	EndGlobalSection
EndGlobal
